
Microsoft Visual Studio Solution File, Format Version 12.00
Project("{FAE04EC0-301F-11D3-BF4B-00C04F79EFBC}") = "DBotSharp", "DBotSharp\DBotSharp.csproj", "{989F73C0-2A5C-46CB-9591-2347665BE2DD}"
EndProject
Global
	GlobalSection(SolutionConfigurationPlatforms) = preSolution
		Debug|Any CPU = Debug|Any CPU
		Release|Any CPU = Release|Any CPU
	EndGlobalSection
	GlobalSection(ProjectConfigurationPlatforms) = postSolution
		{989F73C0-2A5C-46CB-9591-2347665BE2DD}.Debug|Any CPU.ActiveCfg = Debug|Any CPU
		{989F73C0-2A5C-46CB-9591-2347665BE2DD}.Debug|Any CPU.Build.0 = Debug|Any CPU
		{989F73C0-2A5C-46CB-9591-2347665BE2DD}.Release|Any CPU.ActiveCfg = Release|Any CPU
		{989F73C0-2A5C-46CB-9591-2347665BE2DD}.Release|Any CPU.Build.0 = Release|Any CPU
	EndGlobalSection
EndGlobal
